
Microsoft Visual Studio Solution File, Format Version 12.00
# Visual Studio Version 17
VisualStudioVersion = 17.10.35013.160
MinimumVisualStudioVersion = 10.0.40219.1
Project("{9A19103F-16F7-4668-BE54-9A1E7A4F7556}") = "EnergyKids", "EnergyKidsEnergyKids\EnergyKids.csproj", "{F43C93CA-B837-4815-9F5E-0410C08843BC}"
EndProject
Global
	GlobalSection(SolutionConfigurationPlatforms) = preSolution
		Debug|Any CPU = Debug|Any CPU
		Release|Any CPU = Release|Any CPU
	EndGlobalSection
	GlobalSection(ProjectConfigurationPlatforms) = postSolution
		{F43C93CA-B837-4815-9F5E-0410C08843BC}.Debug|Any CPU.ActiveCfg = Debug|Any CPU
		{F43C93CA-B837-4815-9F5E-0410C08843BC}.Debug|Any CPU.Build.0 = Debug|Any CPU
		{F43C93CA-B837-4815-9F5E-0410C08843BC}.Release|Any CPU.ActiveCfg = Release|Any CPU
		{F43C93CA-B837-4815-9F5E-0410C08843BC}.Release|Any CPU.Build.0 = Release|Any CPU
	EndGlobalSection
	GlobalSection(SolutionProperties) = preSolution
		HideSolutionNode = FALSE
	EndGlobalSection
	GlobalSection(ExtensibilityGlobals) = postSolution
		SolutionGuid = {80398E31-7B60-46EE-BEEE-46F033132529}
	EndGlobalSection
EndGlobal
